
Microsoft Visual Studio Solution File, Format Version 12.00
# Visual Studio Version 17
VisualStudioVersion = 17.7.34031.279
MinimumVisualStudioVersion = 10.0.40219.1
Project("{9A19103F-16F7-4668-BE54-9A1E7A4F7556}") = "CardClient", "CardClient\CardClient.csproj", "{EB82F9C3-7CA7-436F-9559-CFACD23AA74E}"
EndProject
Project("{9A19103F-16F7-4668-BE54-9A1E7A4F7556}") = "CardGameLibrary", "CardGameLibrary\CardGameLibrary.csproj", "{C04CD2AF-3ADD-4A96-B98F-A7A22DEA5D1F}"
EndProject
Project("{9A19103F-16F7-4668-BE54-9A1E7A4F7556}") = "CardServer", "CardServer\CardServer.csproj", "{72DF8A95-CE29-4DBA-B5AF-2F8FEA5D59D6}"
EndProject
Global
	GlobalSection(SolutionConfigurationPlatforms) = preSolution
		Debug|Any CPU = Debug|Any CPU
		Release|Any CPU = Release|Any CPU
	EndGlobalSection
	GlobalSection(ProjectConfigurationPlatforms) = postSolution
		{EB82F9C3-7CA7-436F-9559-CFACD23AA74E}.Debug|Any CPU.ActiveCfg = Debug|Any CPU
		{EB82F9C3-7CA7-436F-9559-CFACD23AA74E}.Debug|Any CPU.Build.0 = Debug|Any CPU
		{EB82F9C3-7CA7-436F-9559-CFACD23AA74E}.Release|Any CPU.ActiveCfg = Release|Any CPU
		{EB82F9C3-7CA7-436F-9559-CFACD23AA74E}.Release|Any CPU.Build.0 = Release|Any CPU
		{C04CD2AF-3ADD-4A96-B98F-A7A22DEA5D1F}.Debug|Any CPU.ActiveCfg = Debug|Any CPU
		{C04CD2AF-3ADD-4A96-B98F-A7A22DEA5D1F}.Debug|Any CPU.Build.0 = Debug|Any CPU
		{C04CD2AF-3ADD-4A96-B98F-A7A22DEA5D1F}.Release|Any CPU.ActiveCfg = Release|Any CPU
		{C04CD2AF-3ADD-4A96-B98F-A7A22DEA5D1F}.Release|Any CPU.Build.0 = Release|Any CPU
		{72DF8A95-CE29-4DBA-B5AF-2F8FEA5D59D6}.Debug|Any CPU.ActiveCfg = Debug|Any CPU
		{72DF8A95-CE29-4DBA-B5AF-2F8FEA5D59D6}.Debug|Any CPU.Build.0 = Debug|Any CPU
		{72DF8A95-CE29-4DBA-B5AF-2F8FEA5D59D6}.Release|Any CPU.ActiveCfg = Release|Any CPU
		{72DF8A95-CE29-4DBA-B5AF-2F8FEA5D59D6}.Release|Any CPU.Build.0 = Release|Any CPU
	EndGlobalSection
	GlobalSection(SolutionProperties) = preSolution
		HideSolutionNode = FALSE
	EndGlobalSection
	GlobalSection(ExtensibilityGlobals) = postSolution
		SolutionGuid = {875D66E7-82F6-4BCE-88F9-451A496A772F}
	EndGlobalSection
EndGlobal
